
Microsoft Visual Studio Solution File, Format Version 12.00
# Visual Studio 15
VisualStudioVersion = 15.0.26403.7
MinimumVisualStudioVersion = 10.0.40219.1
Project("{8BC9CEB8-8B4A-11D0-8D11-00A0C91BC942}") = "JeuVersion0", "JeuVersion0\JeuVersion0.vcxproj", "{5879DAAC-E434-4099-BA1D-DE76D7CFF096}"
EndProject
Project("{8BC9CEB8-8B4A-11D0-8D11-00A0C91BC942}") = "Bibliotheque", "Bibliotheque\Bibliotheque.vcxproj", "{B42C1D36-E836-495D-8FB2-FE62EA545BB8}"
EndProject
Project("{8BC9CEB8-8B4A-11D0-8D11-00A0C91BC942}") = "UnitTests", "UnitTests\UnitTests.vcxproj", "{E7395BA4-BB7E-4CBD-B734-24DF7FACA11D}"
EndProject
Project("{8BC9CEB8-8B4A-11D0-8D11-00A0C91BC942}") = "GoogleTestAvecMain", "..\GoogleTestAvecMain\GoogleTestAvecMain\GoogleTestAvecMain.vcxproj", "{3FBF765F-EA80-42EB-B292-6BCAC7B5CB20}"
EndProject
Global
	GlobalSection(SolutionConfigurationPlatforms) = preSolution
		debug_emscripten|Emscripten = debug_emscripten|Emscripten
		debug_emscripten|PS3 = debug_emscripten|PS3
		debug_emscripten|x64 = debug_emscripten|x64
		debug_emscripten|x86 = debug_emscripten|x86
		debug_ps3|Emscripten = debug_ps3|Emscripten
		debug_ps3|PS3 = debug_ps3|PS3
		debug_ps3|x64 = debug_ps3|x64
		debug_ps3|x86 = debug_ps3|x86
		debug_windows_md|Emscripten = debug_windows_md|Emscripten
		debug_windows_md|PS3 = debug_windows_md|PS3
		debug_windows_md|x64 = debug_windows_md|x64
		debug_windows_md|x86 = debug_windows_md|x86
		debug_windows_mt|Emscripten = debug_windows_mt|Emscripten
		debug_windows_mt|PS3 = debug_windows_mt|PS3
		debug_windows_mt|x64 = debug_windows_mt|x64
		debug_windows_mt|x86 = debug_windows_mt|x86
		Debug|Emscripten = Debug|Emscripten
		Debug|PS3 = Debug|PS3
		Debug|x64 = Debug|x64
		Debug|x86 = Debug|x86
		release_emscripten|Emscripten = release_emscripten|Emscripten
		release_emscripten|PS3 = release_emscripten|PS3
		release_emscripten|x64 = release_emscripten|x64
		release_emscripten|x86 = release_emscripten|x86
		release_ps3|Emscripten = release_ps3|Emscripten
		release_ps3|PS3 = release_ps3|PS3
		release_ps3|x64 = release_ps3|x64
		release_ps3|x86 = release_ps3|x86
		release_windows_md|Emscripten = release_windows_md|Emscripten
		release_windows_md|PS3 = release_windows_md|PS3
		release_windows_md|x64 = release_windows_md|x64
		release_windows_md|x86 = release_windows_md|x86
		release_windows_mt|Emscripten = release_windows_mt|Emscripten
		release_windows_mt|PS3 = release_windows_mt|PS3
		release_windows_mt|x64 = release_windows_mt|x64
		release_windows_mt|x86 = release_windows_mt|x86
		Release|Emscripten = Release|Emscripten
		Release|PS3 = Release|PS3
		Release|x64 = Release|x64
		Release|x86 = Release|x86
	EndGlobalSection
	GlobalSection(ProjectConfigurationPlatforms) = postSolution
		{5879DAAC-E434-4099-BA1D-DE76D7CFF096}.debug_emscripten|Emscripten.ActiveCfg = Release|Win32
		{5879DAAC-E434-4099-BA1D-DE76D7CFF096}.debug_emscripten|Emscripten.Build.0 = Release|Win32
		{5879DAAC-E434-4099-BA1D-DE76D7CFF096}.debug_emscripten|PS3.ActiveCfg = Release|Win32
		{5879DAAC-E434-4099-BA1D-DE76D7CFF096}.debug_emscripten|PS3.Build.0 = Release|Win32
		{5879DAAC-E434-4099-BA1D-DE76D7CFF096}.debug_emscripten|x64.ActiveCfg = Debug|x64
		{5879DAAC-E434-4099-BA1D-DE76D7CFF096}.debug_emscripten|x64.Build.0 = Debug|x64
		{5879DAAC-E434-4099-BA1D-DE76D7CFF096}.debug_emscripten|x86.ActiveCfg = Debug|Win32
		{5879DAAC-E434-4099-BA1D-DE76D7CFF096}.debug_emscripten|x86.Build.0 = Debug|Win32
		{5879DAAC-E434-4099-BA1D-DE76D7CFF096}.debug_ps3|Emscripten.ActiveCfg = Release|Win32
		{5879DAAC-E434-4099-BA1D-DE76D7CFF096}.debug_ps3|Emscripten.Build.0 = Release|Win32
		{5879DAAC-E434-4099-BA1D-DE76D7CFF096}.debug_ps3|PS3.ActiveCfg = Release|Win32
		{5879DAAC-E434-4099-BA1D-DE76D7CFF096}.debug_ps3|PS3.Build.0 = Release|Win32
		{5879DAAC-E434-4099-BA1D-DE76D7CFF096}.debug_ps3|x64.ActiveCfg = Debug|x64
		{5879DAAC-E434-4099-BA1D-DE76D7CFF096}.debug_ps3|x64.Build.0 = Debug|x64
		{5879DAAC-E434-4099-BA1D-DE76D7CFF096}.debug_ps3|x86.ActiveCfg = Debug|Win32
		{5879DAAC-E434-4099-BA1D-DE76D7CFF096}.debug_ps3|x86.Build.0 = Debug|Win32
		{5879DAAC-E434-4099-BA1D-DE76D7CFF096}.debug_windows_md|Emscripten.ActiveCfg = Release|Win32
		{5879DAAC-E434-4099-BA1D-DE76D7CFF096}.debug_windows_md|Emscripten.Build.0 = Release|Win32
		{5879DAAC-E434-4099-BA1D-DE76D7CFF096}.debug_windows_md|PS3.ActiveCfg = Release|Win32
		{5879DAAC-E434-4099-BA1D-DE76D7CFF096}.debug_windows_md|PS3.Build.0 = Release|Win32
		{5879DAAC-E434-4099-BA1D-DE76D7CFF096}.debug_windows_md|x64.ActiveCfg = Debug|x64
		{5879DAAC-E434-4099-BA1D-DE76D7CFF096}.debug_windows_md|x64.Build.0 = Debug|x64
		{5879DAAC-E434-4099-BA1D-DE76D7CFF096}.debug_windows_md|x86.ActiveCfg = Debug|Win32
		{5879DAAC-E434-4099-BA1D-DE76D7CFF096}.debug_windows_md|x86.Build.0 = Debug|Win32
		{5879DAAC-E434-4099-BA1D-DE76D7CFF096}.debug_windows_mt|Emscripten.ActiveCfg = Release|Win32
		{5879DAAC-E434-4099-BA1D-DE76D7CFF096}.debug_windows_mt|Emscripten.Build.0 = Release|Win32
		{5879DAAC-E434-4099-BA1D-DE76D7CFF096}.debug_windows_mt|PS3.ActiveCfg = Release|Win32
		{5879DAAC-E434-4099-BA1D-DE76D7CFF096}.debug_windows_mt|PS3.Build.0 = Release|Win32
		{5879DAAC-E434-4099-BA1D-DE76D7CFF096}.debug_windows_mt|x64.ActiveCfg = Debug|x64
		{5879DAAC-E434-4099-BA1D-DE76D7CFF096}.debug_windows_mt|x64.Build.0 = Debug|x64
		{5879DAAC-E434-4099-BA1D-DE76D7CFF096}.debug_windows_mt|x86.ActiveCfg = Debug|Win32
		{5879DAAC-E434-4099-BA1D-DE76D7CFF096}.debug_windows_mt|x86.Build.0 = Debug|Win32
		{5879DAAC-E434-4099-BA1D-DE76D7CFF096}.Debug|Emscripten.ActiveCfg = Debug|Win32
		{5879DAAC-E434-4099-BA1D-DE76D7CFF096}.Debug|PS3.ActiveCfg = Debug|Win32
		{5879DAAC-E434-4099-BA1D-DE76D7CFF096}.Debug|x64.ActiveCfg = Debug|x64
		{5879DAAC-E434-4099-BA1D-DE76D7CFF096}.Debug|x64.Build.0 = Debug|x64
		{5879DAAC-E434-4099-BA1D-DE76D7CFF096}.Debug|x86.ActiveCfg = Debug|Win32
		{5879DAAC-E434-4099-BA1D-DE76D7CFF096}.Debug|x86.Build.0 = Debug|Win32
		{5879DAAC-E434-4099-BA1D-DE76D7CFF096}.release_emscripten|Emscripten.ActiveCfg = Release|Win32
		{5879DAAC-E434-4099-BA1D-DE76D7CFF096}.release_emscripten|Emscripten.Build.0 = Release|Win32
		{5879DAAC-E434-4099-BA1D-DE76D7CFF096}.release_emscripten|PS3.ActiveCfg = Release|Win32
		{5879DAAC-E434-4099-BA1D-DE76D7CFF096}.release_emscripten|PS3.Build.0 = Release|Win32
		{5879DAAC-E434-4099-BA1D-DE76D7CFF096}.release_emscripten|x64.ActiveCfg = Release|x64
		{5879DAAC-E434-4099-BA1D-DE76D7CFF096}.release_emscripten|x64.Build.0 = Release|x64
		{5879DAAC-E434-4099-BA1D-DE76D7CFF096}.release_emscripten|x86.ActiveCfg = Release|Win32
		{5879DAAC-E434-4099-BA1D-DE76D7CFF096}.release_emscripten|x86.Build.0 = Release|Win32
		{5879DAAC-E434-4099-BA1D-DE76D7CFF096}.release_ps3|Emscripten.ActiveCfg = Release|Win32
		{5879DAAC-E434-4099-BA1D-DE76D7CFF096}.release_ps3|Emscripten.Build.0 = Release|Win32
		{5879DAAC-E434-4099-BA1D-DE76D7CFF096}.release_ps3|PS3.ActiveCfg = Release|Win32
		{5879DAAC-E434-4099-BA1D-DE76D7CFF096}.release_ps3|PS3.Build.0 = Release|Win32
		{5879DAAC-E434-4099-BA1D-DE76D7CFF096}.release_ps3|x64.ActiveCfg = Release|x64
		{5879DAAC-E434-4099-BA1D-DE76D7CFF096}.release_ps3|x64.Build.0 = Release|x64
		{5879DAAC-E434-4099-BA1D-DE76D7CFF096}.release_ps3|x86.ActiveCfg = Release|Win32
		{5879DAAC-E434-4099-BA1D-DE76D7CFF096}.release_ps3|x86.Build.0 = Release|Win32
		{5879DAAC-E434-4099-BA1D-DE76D7CFF096}.release_windows_md|Emscripten.ActiveCfg = Release|Win32
		{5879DAAC-E434-4099-BA1D-DE76D7CFF096}.release_windows_md|Emscripten.Build.0 = Release|Win32
		{5879DAAC-E434-4099-BA1D-DE76D7CFF096}.release_windows_md|PS3.ActiveCfg = Release|Win32
		{5879DAAC-E434-4099-BA1D-DE76D7CFF096}.release_windows_md|PS3.Build.0 = Release|Win32
		{5879DAAC-E434-4099-BA1D-DE76D7CFF096}.release_windows_md|x64.ActiveCfg = Release|x64
		{5879DAAC-E434-4099-BA1D-DE76D7CFF096}.release_windows_md|x64.Build.0 = Release|x64
		{5879DAAC-E434-4099-BA1D-DE76D7CFF096}.release_windows_md|x86.ActiveCfg = Release|Win32
		{5879DAAC-E434-4099-BA1D-DE76D7CFF096}.release_windows_md|x86.Build.0 = Release|Win32
		{5879DAAC-E434-4099-BA1D-DE76D7CFF096}.release_windows_mt|Emscripten.ActiveCfg = Release|Win32
		{5879DAAC-E434-4099-BA1D-DE76D7CFF096}.release_windows_mt|Emscripten.Build.0 = Release|Win32
		{5879DAAC-E434-4099-BA1D-DE76D7CFF096}.release_windows_mt|PS3.ActiveCfg = Release|Win32
		{5879DAAC-E434-4099-BA1D-DE76D7CFF096}.release_windows_mt|PS3.Build.0 = Release|Win32
		{5879DAAC-E434-4099-BA1D-DE76D7CFF096}.release_windows_mt|x64.ActiveCfg = Release|x64
		{5879DAAC-E434-4099-BA1D-DE76D7CFF096}.release_windows_mt|x64.Build.0 = Release|x64
		{5879DAAC-E434-4099-BA1D-DE76D7CFF096}.release_windows_mt|x86.ActiveCfg = Release|Win32
		{5879DAAC-E434-4099-BA1D-DE76D7CFF096}.release_windows_mt|x86.Build.0 = Release|Win32
		{5879DAAC-E434-4099-BA1D-DE76D7CFF096}.Release|Emscripten.ActiveCfg = Release|Win32
		{5879DAAC-E434-4099-BA1D-DE76D7CFF096}.Release|PS3.ActiveCfg = Release|Win32
		{5879DAAC-E434-4099-BA1D-DE76D7CFF096}.Release|x64.ActiveCfg = Release|x64
		{5879DAAC-E434-4099-BA1D-DE76D7CFF096}.Release|x64.Build.0 = Release|x64
		{5879DAAC-E434-4099-BA1D-DE76D7CFF096}.Release|x86.ActiveCfg = Release|Win32
		{5879DAAC-E434-4099-BA1D-DE76D7CFF096}.Release|x86.Build.0 = Release|Win32
		{B42C1D36-E836-495D-8FB2-FE62EA545BB8}.debug_emscripten|Emscripten.ActiveCfg = Release|Win32
		{B42C1D36-E836-495D-8FB2-FE62EA545BB8}.debug_emscripten|Emscripten.Build.0 = Release|Win32
		{B42C1D36-E836-495D-8FB2-FE62EA545BB8}.debug_emscripten|Emscripten.Deploy.0 = Release|Win32
		{B42C1D36-E836-495D-8FB2-FE62EA545BB8}.debug_emscripten|PS3.ActiveCfg = Release|Win32
		{B42C1D36-E836-495D-8FB2-FE62EA545BB8}.debug_emscripten|PS3.Build.0 = Release|Win32
		{B42C1D36-E836-495D-8FB2-FE62EA545BB8}.debug_emscripten|PS3.Deploy.0 = Release|Win32
		{B42C1D36-E836-495D-8FB2-FE62EA545BB8}.debug_emscripten|x64.ActiveCfg = Debug|x64
		{B42C1D36-E836-495D-8FB2-FE62EA545BB8}.debug_emscripten|x64.Build.0 = Debug|x64
		{B42C1D36-E836-495D-8FB2-FE62EA545BB8}.debug_emscripten|x64.Deploy.0 = Debug|x64
		{B42C1D36-E836-495D-8FB2-FE62EA545BB8}.debug_emscripten|x86.ActiveCfg = Debug|Win32
		{B42C1D36-E836-495D-8FB2-FE62EA545BB8}.debug_emscripten|x86.Build.0 = Debug|Win32
		{B42C1D36-E836-495D-8FB2-FE62EA545BB8}.debug_emscripten|x86.Deploy.0 = Debug|Win32
		{B42C1D36-E836-495D-8FB2-FE62EA545BB8}.debug_ps3|Emscripten.ActiveCfg = Release|Win32
		{B42C1D36-E836-495D-8FB2-FE62EA545BB8}.debug_ps3|Emscripten.Build.0 = Release|Win32
		{B42C1D36-E836-495D-8FB2-FE62EA545BB8}.debug_ps3|Emscripten.Deploy.0 = Release|Win32
		{B42C1D36-E836-495D-8FB2-FE62EA545BB8}.debug_ps3|PS3.ActiveCfg = Release|Win32
		{B42C1D36-E836-495D-8FB2-FE62EA545BB8}.debug_ps3|PS3.Build.0 = Release|Win32
		{B42C1D36-E836-495D-8FB2-FE62EA545BB8}.debug_ps3|PS3.Deploy.0 = Release|Win32
		{B42C1D36-E836-495D-8FB2-FE62EA545BB8}.debug_ps3|x64.ActiveCfg = Debug|x64
		{B42C1D36-E836-495D-8FB2-FE62EA545BB8}.debug_ps3|x64.Build.0 = Debug|x64
		{B42C1D36-E836-495D-8FB2-FE62EA545BB8}.debug_ps3|x64.Deploy.0 = Debug|x64
		{B42C1D36-E836-495D-8FB2-FE62EA545BB8}.debug_ps3|x86.ActiveCfg = Debug|Win32
		{B42C1D36-E836-495D-8FB2-FE62EA545BB8}.debug_ps3|x86.Build.0 = Debug|Win32
		{B42C1D36-E836-495D-8FB2-FE62EA545BB8}.debug_ps3|x86.Deploy.0 = Debug|Win32
		{B42C1D36-E836-495D-8FB2-FE62EA545BB8}.debug_windows_md|Emscripten.ActiveCfg = Release|Win32
		{B42C1D36-E836-495D-8FB2-FE62EA545BB8}.debug_windows_md|Emscripten.Build.0 = Release|Win32
		{B42C1D36-E836-495D-8FB2-FE62EA545BB8}.debug_windows_md|Emscripten.Deploy.0 = Release|Win32
		{B42C1D36-E836-495D-8FB2-FE62EA545BB8}.debug_windows_md|PS3.ActiveCfg = Release|Win32
		{B42C1D36-E836-495D-8FB2-FE62EA545BB8}.debug_windows_md|PS3.Build.0 = Release|Win32
		{B42C1D36-E836-495D-8FB2-FE62EA545BB8}.debug_windows_md|PS3.Deploy.0 = Release|Win32
		{B42C1D36-E836-495D-8FB2-FE62EA545BB8}.debug_windows_md|x64.ActiveCfg = Debug|x64
		{B42C1D36-E836-495D-8FB2-FE62EA545BB8}.debug_windows_md|x64.Build.0 = Debug|x64
		{B42C1D36-E836-495D-8FB2-FE62EA545BB8}.debug_windows_md|x64.Deploy.0 = Debug|x64
		{B42C1D36-E836-495D-8FB2-FE62EA545BB8}.debug_windows_md|x86.ActiveCfg = Debug|Win32
		{B42C1D36-E836-495D-8FB2-FE62EA545BB8}.debug_windows_md|x86.Build.0 = Debug|Win32
		{B42C1D36-E836-495D-8FB2-FE62EA545BB8}.debug_windows_md|x86.Deploy.0 = Debug|Win32
		{B42C1D36-E836-495D-8FB2-FE62EA545BB8}.debug_windows_mt|Emscripten.ActiveCfg = Release|Win32
		{B42C1D36-E836-495D-8FB2-FE62EA545BB8}.debug_windows_mt|Emscripten.Build.0 = Release|Win32
		{B42C1D36-E836-495D-8FB2-FE62EA545BB8}.debug_windows_mt|Emscripten.Deploy.0 = Release|Win32
		{B42C1D36-E836-495D-8FB2-FE62EA545BB8}.debug_windows_mt|PS3.ActiveCfg = Release|Win32
		{B42C1D36-E836-495D-8FB2-FE62EA545BB8}.debug_windows_mt|PS3.Build.0 = Release|Win32
		{B42C1D36-E836-495D-8FB2-FE62EA545BB8}.debug_windows_mt|PS3.Deploy.0 = Release|Win32
		{B42C1D36-E836-495D-8FB2-FE62EA545BB8}.debug_windows_mt|x64.ActiveCfg = Debug|x64
		{B42C1D36-E836-495D-8FB2-FE62EA545BB8}.debug_windows_mt|x64.Build.0 = Debug|x64
		{B42C1D36-E836-495D-8FB2-FE62EA545BB8}.debug_windows_mt|x64.Deploy.0 = Debug|x64
		{B42C1D36-E836-495D-8FB2-FE62EA545BB8}.debug_windows_mt|x86.ActiveCfg = Debug|Win32
		{B42C1D36-E836-495D-8FB2-FE62EA545BB8}.debug_windows_mt|x86.Build.0 = Debug|Win32
		{B42C1D36-E836-495D-8FB2-FE62EA545BB8}.debug_windows_mt|x86.Deploy.0 = Debug|Win32
		{B42C1D36-E836-495D-8FB2-FE62EA545BB8}.Debug|Emscripten.ActiveCfg = Debug|Win32
		{B42C1D36-E836-495D-8FB2-FE62EA545BB8}.Debug|PS3.ActiveCfg = Debug|Win32
		{B42C1D36-E836-495D-8FB2-FE62EA545BB8}.Debug|x64.ActiveCfg = Debug|x64
		{B42C1D36-E836-495D-8FB2-FE62EA545BB8}.Debug|x64.Build.0 = Debug|x64
		{B42C1D36-E836-495D-8FB2-FE62EA545BB8}.Debug|x86.ActiveCfg = Debug|Win32
		{B42C1D36-E836-495D-8FB2-FE62EA545BB8}.Debug|x86.Build.0 = Debug|Win32
		{B42C1D36-E836-495D-8FB2-FE62EA545BB8}.release_emscripten|Emscripten.ActiveCfg = Release|Win32
		{B42C1D36-E836-495D-8FB2-FE62EA545BB8}.release_emscripten|Emscripten.Build.0 = Release|Win32
		{B42C1D36-E836-495D-8FB2-FE62EA545BB8}.release_emscripten|Emscripten.Deploy.0 = Release|Win32
		{B42C1D36-E836-495D-8FB2-FE62EA545BB8}.release_emscripten|PS3.ActiveCfg = Release|Win32
		{B42C1D36-E836-495D-8FB2-FE62EA545BB8}.release_emscripten|PS3.Build.0 = Release|Win32
		{B42C1D36-E836-495D-8FB2-FE62EA545BB8}.release_emscripten|PS3.Deploy.0 = Release|Win32
		{B42C1D36-E836-495D-8FB2-FE62EA545BB8}.release_emscripten|x64.ActiveCfg = Release|x64
		{B42C1D36-E836-495D-8FB2-FE62EA545BB8}.release_emscripten|x64.Build.0 = Release|x64
		{B42C1D36-E836-495D-8FB2-FE62EA545BB8}.release_emscripten|x64.Deploy.0 = Release|x64
		{B42C1D36-E836-495D-8FB2-FE62EA545BB8}.release_emscripten|x86.ActiveCfg = Release|Win32
		{B42C1D36-E836-495D-8FB2-FE62EA545BB8}.release_emscripten|x86.Build.0 = Release|Win32
		{B42C1D36-E836-495D-8FB2-FE62EA545BB8}.release_emscripten|x86.Deploy.0 = Release|Win32
		{B42C1D36-E836-495D-8FB2-FE62EA545BB8}.release_ps3|Emscripten.ActiveCfg = Release|Win32
		{B42C1D36-E836-495D-8FB2-FE62EA545BB8}.release_ps3|Emscripten.Build.0 = Release|Win32
		{B42C1D36-E836-495D-8FB2-FE62EA545BB8}.release_ps3|Emscripten.Deploy.0 = Release|Win32
		{B42C1D36-E836-495D-8FB2-FE62EA545BB8}.release_ps3|PS3.ActiveCfg = Release|Win32
		{B42C1D36-E836-495D-8FB2-FE62EA545BB8}.release_ps3|PS3.Build.0 = Release|Win32
		{B42C1D36-E836-495D-8FB2-FE62EA545BB8}.release_ps3|PS3.Deploy.0 = Release|Win32
		{B42C1D36-E836-495D-8FB2-FE62EA545BB8}.release_ps3|x64.ActiveCfg = Release|x64
		{B42C1D36-E836-495D-8FB2-FE62EA545BB8}.release_ps3|x64.Build.0 = Release|x64
		{B42C1D36-E836-495D-8FB2-FE62EA545BB8}.release_ps3|x64.Deploy.0 = Release|x64
		{B42C1D36-E836-495D-8FB2-FE62EA545BB8}.release_ps3|x86.ActiveCfg = Release|Win32
		{B42C1D36-E836-495D-8FB2-FE62EA545BB8}.release_ps3|x86.Build.0 = Release|Win32
		{B42C1D36-E836-495D-8FB2-FE62EA545BB8}.release_ps3|x86.Deploy.0 = Release|Win32
		{B42C1D36-E836-495D-8FB2-FE62EA545BB8}.release_windows_md|Emscripten.ActiveCfg = Release|Win32
		{B42C1D36-E836-495D-8FB2-FE62EA545BB8}.release_windows_md|Emscripten.Build.0 = Release|Win32
		{B42C1D36-E836-495D-8FB2-FE62EA545BB8}.release_windows_md|Emscripten.Deploy.0 = Release|Win32
		{B42C1D36-E836-495D-8FB2-FE62EA545BB8}.release_windows_md|PS3.ActiveCfg = Release|Win32
		{B42C1D36-E836-495D-8FB2-FE62EA545BB8}.release_windows_md|PS3.Build.0 = Release|Win32
		{B42C1D36-E836-495D-8FB2-FE62EA545BB8}.release_windows_md|PS3.Deploy.0 = Release|Win32
		{B42C1D36-E836-495D-8FB2-FE62EA545BB8}.release_windows_md|x64.ActiveCfg = Release|x64
		{B42C1D36-E836-495D-8FB2-FE62EA545BB8}.release_windows_md|x64.Build.0 = Release|x64
		{B42C1D36-E836-495D-8FB2-FE62EA545BB8}.release_windows_md|x64.Deploy.0 = Release|x64
		{B42C1D36-E836-495D-8FB2-FE62EA545BB8}.release_windows_md|x86.ActiveCfg = Release|Win32
		{B42C1D36-E836-495D-8FB2-FE62EA545BB8}.release_windows_md|x86.Build.0 = Release|Win32
		{B42C1D36-E836-495D-8FB2-FE62EA545BB8}.release_windows_md|x86.Deploy.0 = Release|Win32
		{B42C1D36-E836-495D-8FB2-FE62EA545BB8}.release_windows_mt|Emscripten.ActiveCfg = Release|Win32
		{B42C1D36-E836-495D-8FB2-FE62EA545BB8}.release_windows_mt|Emscripten.Build.0 = Release|Win32
		{B42C1D36-E836-495D-8FB2-FE62EA545BB8}.release_windows_mt|Emscripten.Deploy.0 = Release|Win32
		{B42C1D36-E836-495D-8FB2-FE62EA545BB8}.release_windows_mt|PS3.ActiveCfg = Release|Win32
		{B42C1D36-E836-495D-8FB2-FE62EA545BB8}.release_windows_mt|PS3.Build.0 = Release|Win32
		{B42C1D36-E836-495D-8FB2-FE62EA545BB8}.release_windows_mt|PS3.Deploy.0 = Release|Win32
		{B42C1D36-E836-495D-8FB2-FE62EA545BB8}.release_windows_mt|x64.ActiveCfg = Release|x64
		{B42C1D36-E836-495D-8FB2-FE62EA545BB8}.release_windows_mt|x64.Build.0 = Release|x64
		{B42C1D36-E836-495D-8FB2-FE62EA545BB8}.release_windows_mt|x64.Deploy.0 = Release|x64
		{B42C1D36-E836-495D-8FB2-FE62EA545BB8}.release_windows_mt|x86.ActiveCfg = Release|Win32
		{B42C1D36-E836-495D-8FB2-FE62EA545BB8}.release_windows_mt|x86.Build.0 = Release|Win32
		{B42C1D36-E836-495D-8FB2-FE62EA545BB8}.release_windows_mt|x86.Deploy.0 = Release|Win32
		{B42C1D36-E836-495D-8FB2-FE62EA545BB8}.Release|Emscripten.ActiveCfg = Release|Win32
		{B42C1D36-E836-495D-8FB2-FE62EA545BB8}.Release|PS3.ActiveCfg = Release|Win32
		{B42C1D36-E836-495D-8FB2-FE62EA545BB8}.Release|x64.ActiveCfg = Release|x64
		{B42C1D36-E836-495D-8FB2-FE62EA545BB8}.Release|x64.Build.0 = Release|x64
		{B42C1D36-E836-495D-8FB2-FE62EA545BB8}.Release|x86.ActiveCfg = Release|Win32
		{B42C1D36-E836-495D-8FB2-FE62EA545BB8}.Release|x86.Build.0 = Release|Win32
		{E7395BA4-BB7E-4CBD-B734-24DF7FACA11D}.debug_emscripten|Emscripten.ActiveCfg = Release|Win32
		{E7395BA4-BB7E-4CBD-B734-24DF7FACA11D}.debug_emscripten|Emscripten.Build.0 = Release|Win32
		{E7395BA4-BB7E-4CBD-B734-24DF7FACA11D}.debug_emscripten|Emscripten.Deploy.0 = Release|Win32
		{E7395BA4-BB7E-4CBD-B734-24DF7FACA11D}.debug_emscripten|PS3.ActiveCfg = Release|Win32
		{E7395BA4-BB7E-4CBD-B734-24DF7FACA11D}.debug_emscripten|PS3.Build.0 = Release|Win32
		{E7395BA4-BB7E-4CBD-B734-24DF7FACA11D}.debug_emscripten|PS3.Deploy.0 = Release|Win32
		{E7395BA4-BB7E-4CBD-B734-24DF7FACA11D}.debug_emscripten|x64.ActiveCfg = Debug|x64
		{E7395BA4-BB7E-4CBD-B734-24DF7FACA11D}.debug_emscripten|x64.Build.0 = Debug|x64
		{E7395BA4-BB7E-4CBD-B734-24DF7FACA11D}.debug_emscripten|x64.Deploy.0 = Debug|x64
		{E7395BA4-BB7E-4CBD-B734-24DF7FACA11D}.debug_emscripten|x86.ActiveCfg = Debug|Win32
		{E7395BA4-BB7E-4CBD-B734-24DF7FACA11D}.debug_emscripten|x86.Build.0 = Debug|Win32
		{E7395BA4-BB7E-4CBD-B734-24DF7FACA11D}.debug_emscripten|x86.Deploy.0 = Debug|Win32
		{E7395BA4-BB7E-4CBD-B734-24DF7FACA11D}.debug_ps3|Emscripten.ActiveCfg = Release|Win32
		{E7395BA4-BB7E-4CBD-B734-24DF7FACA11D}.debug_ps3|Emscripten.Build.0 = Release|Win32
		{E7395BA4-BB7E-4CBD-B734-24DF7FACA11D}.debug_ps3|Emscripten.Deploy.0 = Release|Win32
		{E7395BA4-BB7E-4CBD-B734-24DF7FACA11D}.debug_ps3|PS3.ActiveCfg = Release|Win32
		{E7395BA4-BB7E-4CBD-B734-24DF7FACA11D}.debug_ps3|PS3.Build.0 = Release|Win32
		{E7395BA4-BB7E-4CBD-B734-24DF7FACA11D}.debug_ps3|PS3.Deploy.0 = Release|Win32
		{E7395BA4-BB7E-4CBD-B734-24DF7FACA11D}.debug_ps3|x64.ActiveCfg = Debug|x64
		{E7395BA4-BB7E-4CBD-B734-24DF7FACA11D}.debug_ps3|x64.Build.0 = Debug|x64
		{E7395BA4-BB7E-4CBD-B734-24DF7FACA11D}.debug_ps3|x64.Deploy.0 = Debug|x64
		{E7395BA4-BB7E-4CBD-B734-24DF7FACA11D}.debug_ps3|x86.ActiveCfg = Debug|Win32
		{E7395BA4-BB7E-4CBD-B734-24DF7FACA11D}.debug_ps3|x86.Build.0 = Debug|Win32
		{E7395BA4-BB7E-4CBD-B734-24DF7FACA11D}.debug_ps3|x86.Deploy.0 = Debug|Win32
		{E7395BA4-BB7E-4CBD-B734-24DF7FACA11D}.debug_windows_md|Emscripten.ActiveCfg = Release|Win32
		{E7395BA4-BB7E-4CBD-B734-24DF7FACA11D}.debug_windows_md|Emscripten.Build.0 = Release|Win32
		{E7395BA4-BB7E-4CBD-B734-24DF7FACA11D}.debug_windows_md|Emscripten.Deploy.0 = Release|Win32
		{E7395BA4-BB7E-4CBD-B734-24DF7FACA11D}.debug_windows_md|PS3.ActiveCfg = Release|Win32
		{E7395BA4-BB7E-4CBD-B734-24DF7FACA11D}.debug_windows_md|PS3.Build.0 = Release|Win32
		{E7395BA4-BB7E-4CBD-B734-24DF7FACA11D}.debug_windows_md|PS3.Deploy.0 = Release|Win32
		{E7395BA4-BB7E-4CBD-B734-24DF7FACA11D}.debug_windows_md|x64.ActiveCfg = Debug|x64
		{E7395BA4-BB7E-4CBD-B734-24DF7FACA11D}.debug_windows_md|x64.Build.0 = Debug|x64
		{E7395BA4-BB7E-4CBD-B734-24DF7FACA11D}.debug_windows_md|x64.Deploy.0 = Debug|x64
		{E7395BA4-BB7E-4CBD-B734-24DF7FACA11D}.debug_windows_md|x86.ActiveCfg = Debug|Win32
		{E7395BA4-BB7E-4CBD-B734-24DF7FACA11D}.debug_windows_md|x86.Build.0 = Debug|Win32
		{E7395BA4-BB7E-4CBD-B734-24DF7FACA11D}.debug_windows_md|x86.Deploy.0 = Debug|Win32
		{E7395BA4-BB7E-4CBD-B734-24DF7FACA11D}.debug_windows_mt|Emscripten.ActiveCfg = Release|Win32
		{E7395BA4-BB7E-4CBD-B734-24DF7FACA11D}.debug_windows_mt|Emscripten.Build.0 = Release|Win32
		{E7395BA4-BB7E-4CBD-B734-24DF7FACA11D}.debug_windows_mt|Emscripten.Deploy.0 = Release|Win32
		{E7395BA4-BB7E-4CBD-B734-24DF7FACA11D}.debug_windows_mt|PS3.ActiveCfg = Release|Win32
		{E7395BA4-BB7E-4CBD-B734-24DF7FACA11D}.debug_windows_mt|PS3.Build.0 = Release|Win32
		{E7395BA4-BB7E-4CBD-B734-24DF7FACA11D}.debug_windows_mt|PS3.Deploy.0 = Release|Win32
		{E7395BA4-BB7E-4CBD-B734-24DF7FACA11D}.debug_windows_mt|x64.ActiveCfg = Debug|x64
		{E7395BA4-BB7E-4CBD-B734-24DF7FACA11D}.debug_windows_mt|x64.Build.0 = Debug|x64
		{E7395BA4-BB7E-4CBD-B734-24DF7FACA11D}.debug_windows_mt|x64.Deploy.0 = Debug|x64
		{E7395BA4-BB7E-4CBD-B734-24DF7FACA11D}.debug_windows_mt|x86.ActiveCfg = Debug|Win32
		{E7395BA4-BB7E-4CBD-B734-24DF7FACA11D}.debug_windows_mt|x86.Build.0 = Debug|Win32
		{E7395BA4-BB7E-4CBD-B734-24DF7FACA11D}.debug_windows_mt|x86.Deploy.0 = Debug|Win32
		{E7395BA4-BB7E-4CBD-B734-24DF7FACA11D}.Debug|Emscripten.ActiveCfg = Debug|Win32
		{E7395BA4-BB7E-4CBD-B734-24DF7FACA11D}.Debug|PS3.ActiveCfg = Debug|Win32
		{E7395BA4-BB7E-4CBD-B734-24DF7FACA11D}.Debug|x64.ActiveCfg = Debug|x64
		{E7395BA4-BB7E-4CBD-B734-24DF7FACA11D}.Debug|x64.Build.0 = Debug|x64
		{E7395BA4-BB7E-4CBD-B734-24DF7FACA11D}.Debug|x86.ActiveCfg = Debug|Win32
		{E7395BA4-BB7E-4CBD-B734-24DF7FACA11D}.Debug|x86.Build.0 = Debug|Win32
		{E7395BA4-BB7E-4CBD-B734-24DF7FACA11D}.release_emscripten|Emscripten.ActiveCfg = Release|Win32
		{E7395BA4-BB7E-4CBD-B734-24DF7FACA11D}.release_emscripten|Emscripten.Build.0 = Release|Win32
		{E7395BA4-BB7E-4CBD-B734-24DF7FACA11D}.release_emscripten|Emscripten.Deploy.0 = Release|Win32
		{E7395BA4-BB7E-4CBD-B734-24DF7FACA11D}.release_emscripten|PS3.ActiveCfg = Release|Win32
		{E7395BA4-BB7E-4CBD-B734-24DF7FACA11D}.release_emscripten|PS3.Build.0 = Release|Win32
		{E7395BA4-BB7E-4CBD-B734-24DF7FACA11D}.release_emscripten|PS3.Deploy.0 = Release|Win32
		{E7395BA4-BB7E-4CBD-B734-24DF7FACA11D}.release_emscripten|x64.ActiveCfg = Release|x64
		{E7395BA4-BB7E-4CBD-B734-24DF7FACA11D}.release_emscripten|x64.Build.0 = Release|x64
		{E7395BA4-BB7E-4CBD-B734-24DF7FACA11D}.release_emscripten|x64.Deploy.0 = Release|x64
		{E7395BA4-BB7E-4CBD-B734-24DF7FACA11D}.release_emscripten|x86.ActiveCfg = Release|Win32
		{E7395BA4-BB7E-4CBD-B734-24DF7FACA11D}.release_emscripten|x86.Build.0 = Release|Win32
		{E7395BA4-BB7E-4CBD-B734-24DF7FACA11D}.release_emscripten|x86.Deploy.0 = Release|Win32
		{E7395BA4-BB7E-4CBD-B734-24DF7FACA11D}.release_ps3|Emscripten.ActiveCfg = Release|Win32
		{E7395BA4-BB7E-4CBD-B734-24DF7FACA11D}.release_ps3|Emscripten.Build.0 = Release|Win32
		{E7395BA4-BB7E-4CBD-B734-24DF7FACA11D}.release_ps3|Emscripten.Deploy.0 = Release|Win32
		{E7395BA4-BB7E-4CBD-B734-24DF7FACA11D}.release_ps3|PS3.ActiveCfg = Release|Win32
		{E7395BA4-BB7E-4CBD-B734-24DF7FACA11D}.release_ps3|PS3.Build.0 = Release|Win32
		{E7395BA4-BB7E-4CBD-B734-24DF7FACA11D}.release_ps3|PS3.Deploy.0 = Release|Win32
		{E7395BA4-BB7E-4CBD-B734-24DF7FACA11D}.release_ps3|x64.ActiveCfg = Release|x64
		{E7395BA4-BB7E-4CBD-B734-24DF7FACA11D}.release_ps3|x64.Build.0 = Release|x64
		{E7395BA4-BB7E-4CBD-B734-24DF7FACA11D}.release_ps3|x64.Deploy.0 = Release|x64
		{E7395BA4-BB7E-4CBD-B734-24DF7FACA11D}.release_ps3|x86.ActiveCfg = Release|Win32
		{E7395BA4-BB7E-4CBD-B734-24DF7FACA11D}.release_ps3|x86.Build.0 = Release|Win32
		{E7395BA4-BB7E-4CBD-B734-24DF7FACA11D}.release_ps3|x86.Deploy.0 = Release|Win32
		{E7395BA4-BB7E-4CBD-B734-24DF7FACA11D}.release_windows_md|Emscripten.ActiveCfg = Release|Win32
		{E7395BA4-BB7E-4CBD-B734-24DF7FACA11D}.release_windows_md|Emscripten.Build.0 = Release|Win32
		{E7395BA4-BB7E-4CBD-B734-24DF7FACA11D}.release_windows_md|Emscripten.Deploy.0 = Release|Win32
		{E7395BA4-BB7E-4CBD-B734-24DF7FACA11D}.release_windows_md|PS3.ActiveCfg = Release|Win32
		{E7395BA4-BB7E-4CBD-B734-24DF7FACA11D}.release_windows_md|PS3.Build.0 = Release|Win32
		{E7395BA4-BB7E-4CBD-B734-24DF7FACA11D}.release_windows_md|PS3.Deploy.0 = Release|Win32
		{E7395BA4-BB7E-4CBD-B734-24DF7FACA11D}.release_windows_md|x64.ActiveCfg = Release|x64
		{E7395BA4-BB7E-4CBD-B734-24DF7FACA11D}.release_windows_md|x64.Build.0 = Release|x64
		{E7395BA4-BB7E-4CBD-B734-24DF7FACA11D}.release_windows_md|x64.Deploy.0 = Release|x64
		{E7395BA4-BB7E-4CBD-B734-24DF7FACA11D}.release_windows_md|x86.ActiveCfg = Release|Win32
		{E7395BA4-BB7E-4CBD-B734-24DF7FACA11D}.release_windows_md|x86.Build.0 = Release|Win32
		{E7395BA4-BB7E-4CBD-B734-24DF7FACA11D}.release_windows_md|x86.Deploy.0 = Release|Win32
		{E7395BA4-BB7E-4CBD-B734-24DF7FACA11D}.release_windows_mt|Emscripten.ActiveCfg = Release|Win32
		{E7395BA4-BB7E-4CBD-B734-24DF7FACA11D}.release_windows_mt|Emscripten.Build.0 = Release|Win32
		{E7395BA4-BB7E-4CBD-B734-24DF7FACA11D}.release_windows_mt|Emscripten.Deploy.0 = Release|Win32
		{E7395BA4-BB7E-4CBD-B734-24DF7FACA11D}.release_windows_mt|PS3.ActiveCfg = Release|Win32
		{E7395BA4-BB7E-4CBD-B734-24DF7FACA11D}.release_windows_mt|PS3.Build.0 = Release|Win32
		{E7395BA4-BB7E-4CBD-B734-24DF7FACA11D}.release_windows_mt|PS3.Deploy.0 = Release|Win32
		{E7395BA4-BB7E-4CBD-B734-24DF7FACA11D}.release_windows_mt|x64.ActiveCfg = Release|x64
		{E7395BA4-BB7E-4CBD-B734-24DF7FACA11D}.release_windows_mt|x64.Build.0 = Release|x64
		{E7395BA4-BB7E-4CBD-B734-24DF7FACA11D}.release_windows_mt|x64.Deploy.0 = Release|x64
		{E7395BA4-BB7E-4CBD-B734-24DF7FACA11D}.release_windows_mt|x86.ActiveCfg = Release|Win32
		{E7395BA4-BB7E-4CBD-B734-24DF7FACA11D}.release_windows_mt|x86.Build.0 = Release|Win32
		{E7395BA4-BB7E-4CBD-B734-24DF7FACA11D}.release_windows_mt|x86.Deploy.0 = Release|Win32
		{E7395BA4-BB7E-4CBD-B734-24DF7FACA11D}.Release|Emscripten.ActiveCfg = Release|Win32
		{E7395BA4-BB7E-4CBD-B734-24DF7FACA11D}.Release|PS3.ActiveCfg = Release|Win32
		{E7395BA4-BB7E-4CBD-B734-24DF7FACA11D}.Release|x64.ActiveCfg = Release|x64
		{E7395BA4-BB7E-4CBD-B734-24DF7FACA11D}.Release|x64.Build.0 = Release|x64
		{E7395BA4-BB7E-4CBD-B734-24DF7FACA11D}.Release|x86.ActiveCfg = Release|Win32
		{E7395BA4-BB7E-4CBD-B734-24DF7FACA11D}.Release|x86.Build.0 = Release|Win32
		{3FBF765F-EA80-42EB-B292-6BCAC7B5CB20}.debug_emscripten|Emscripten.ActiveCfg = Release|Win32
		{3FBF765F-EA80-42EB-B292-6BCAC7B5CB20}.debug_emscripten|Emscripten.Build.0 = Release|Win32
		{3FBF765F-EA80-42EB-B292-6BCAC7B5CB20}.debug_emscripten|Emscripten.Deploy.0 = Release|Win32
		{3FBF765F-EA80-42EB-B292-6BCAC7B5CB20}.debug_emscripten|PS3.ActiveCfg = Release|Win32
		{3FBF765F-EA80-42EB-B292-6BCAC7B5CB20}.debug_emscripten|PS3.Build.0 = Release|Win32
		{3FBF765F-EA80-42EB-B292-6BCAC7B5CB20}.debug_emscripten|PS3.Deploy.0 = Release|Win32
		{3FBF765F-EA80-42EB-B292-6BCAC7B5CB20}.debug_emscripten|x64.ActiveCfg = Debug|x64
		{3FBF765F-EA80-42EB-B292-6BCAC7B5CB20}.debug_emscripten|x64.Build.0 = Debug|x64
		{3FBF765F-EA80-42EB-B292-6BCAC7B5CB20}.debug_emscripten|x64.Deploy.0 = Debug|x64
		{3FBF765F-EA80-42EB-B292-6BCAC7B5CB20}.debug_emscripten|x86.ActiveCfg = Debug|Win32
		{3FBF765F-EA80-42EB-B292-6BCAC7B5CB20}.debug_emscripten|x86.Build.0 = Debug|Win32
		{3FBF765F-EA80-42EB-B292-6BCAC7B5CB20}.debug_emscripten|x86.Deploy.0 = Debug|Win32
		{3FBF765F-EA80-42EB-B292-6BCAC7B5CB20}.debug_ps3|Emscripten.ActiveCfg = Release|Win32
		{3FBF765F-EA80-42EB-B292-6BCAC7B5CB20}.debug_ps3|Emscripten.Build.0 = Release|Win32
		{3FBF765F-EA80-42EB-B292-6BCAC7B5CB20}.debug_ps3|Emscripten.Deploy.0 = Release|Win32
		{3FBF765F-EA80-42EB-B292-6BCAC7B5CB20}.debug_ps3|PS3.ActiveCfg = Release|Win32
		{3FBF765F-EA80-42EB-B292-6BCAC7B5CB20}.debug_ps3|PS3.Build.0 = Release|Win32
		{3FBF765F-EA80-42EB-B292-6BCAC7B5CB20}.debug_ps3|PS3.Deploy.0 = Release|Win32
		{3FBF765F-EA80-42EB-B292-6BCAC7B5CB20}.debug_ps3|x64.ActiveCfg = Debug|x64
		{3FBF765F-EA80-42EB-B292-6BCAC7B5CB20}.debug_ps3|x64.Build.0 = Debug|x64
		{3FBF765F-EA80-42EB-B292-6BCAC7B5CB20}.debug_ps3|x64.Deploy.0 = Debug|x64
		{3FBF765F-EA80-42EB-B292-6BCAC7B5CB20}.debug_ps3|x86.ActiveCfg = Debug|Win32
		{3FBF765F-EA80-42EB-B292-6BCAC7B5CB20}.debug_ps3|x86.Build.0 = Debug|Win32
		{3FBF765F-EA80-42EB-B292-6BCAC7B5CB20}.debug_ps3|x86.Deploy.0 = Debug|Win32
		{3FBF765F-EA80-42EB-B292-6BCAC7B5CB20}.debug_windows_md|Emscripten.ActiveCfg = Release|Win32
		{3FBF765F-EA80-42EB-B292-6BCAC7B5CB20}.debug_windows_md|Emscripten.Build.0 = Release|Win32
		{3FBF765F-EA80-42EB-B292-6BCAC7B5CB20}.debug_windows_md|Emscripten.Deploy.0 = Release|Win32
		{3FBF765F-EA80-42EB-B292-6BCAC7B5CB20}.debug_windows_md|PS3.ActiveCfg = Release|Win32
		{3FBF765F-EA80-42EB-B292-6BCAC7B5CB20}.debug_windows_md|PS3.Build.0 = Release|Win32
		{3FBF765F-EA80-42EB-B292-6BCAC7B5CB20}.debug_windows_md|PS3.Deploy.0 = Release|Win32
		{3FBF765F-EA80-42EB-B292-6BCAC7B5CB20}.debug_windows_md|x64.ActiveCfg = Debug|x64
		{3FBF765F-EA80-42EB-B292-6BCAC7B5CB20}.debug_windows_md|x64.Build.0 = Debug|x64
		{3FBF765F-EA80-42EB-B292-6BCAC7B5CB20}.debug_windows_md|x64.Deploy.0 = Debug|x64
		{3FBF765F-EA80-42EB-B292-6BCAC7B5CB20}.debug_windows_md|x86.ActiveCfg = Debug|Win32
		{3FBF765F-EA80-42EB-B292-6BCAC7B5CB20}.debug_windows_md|x86.Build.0 = Debug|Win32
		{3FBF765F-EA80-42EB-B292-6BCAC7B5CB20}.debug_windows_md|x86.Deploy.0 = Debug|Win32
		{3FBF765F-EA80-42EB-B292-6BCAC7B5CB20}.debug_windows_mt|Emscripten.ActiveCfg = Release|Win32
		{3FBF765F-EA80-42EB-B292-6BCAC7B5CB20}.debug_windows_mt|Emscripten.Build.0 = Release|Win32
		{3FBF765F-EA80-42EB-B292-6BCAC7B5CB20}.debug_windows_mt|Emscripten.Deploy.0 = Release|Win32
		{3FBF765F-EA80-42EB-B292-6BCAC7B5CB20}.debug_windows_mt|PS3.ActiveCfg = Release|Win32
		{3FBF765F-EA80-42EB-B292-6BCAC7B5CB20}.debug_windows_mt|PS3.Build.0 = Release|Win32
		{3FBF765F-EA80-42EB-B292-6BCAC7B5CB20}.debug_windows_mt|PS3.Deploy.0 = Release|Win32
		{3FBF765F-EA80-42EB-B292-6BCAC7B5CB20}.debug_windows_mt|x64.ActiveCfg = Debug|x64
		{3FBF765F-EA80-42EB-B292-6BCAC7B5CB20}.debug_windows_mt|x64.Build.0 = Debug|x64
		{3FBF765F-EA80-42EB-B292-6BCAC7B5CB20}.debug_windows_mt|x64.Deploy.0 = Debug|x64
		{3FBF765F-EA80-42EB-B292-6BCAC7B5CB20}.debug_windows_mt|x86.ActiveCfg = Debug|Win32
		{3FBF765F-EA80-42EB-B292-6BCAC7B5CB20}.debug_windows_mt|x86.Build.0 = Debug|Win32
		{3FBF765F-EA80-42EB-B292-6BCAC7B5CB20}.debug_windows_mt|x86.Deploy.0 = Debug|Win32
		{3FBF765F-EA80-42EB-B292-6BCAC7B5CB20}.Debug|Emscripten.ActiveCfg = Debug|Win32
		{3FBF765F-EA80-42EB-B292-6BCAC7B5CB20}.Debug|PS3.ActiveCfg = Debug|Win32
		{3FBF765F-EA80-42EB-B292-6BCAC7B5CB20}.Debug|x64.ActiveCfg = Debug|x64
		{3FBF765F-EA80-42EB-B292-6BCAC7B5CB20}.Debug|x64.Build.0 = Debug|x64
		{3FBF765F-EA80-42EB-B292-6BCAC7B5CB20}.Debug|x86.ActiveCfg = Debug|Win32
		{3FBF765F-EA80-42EB-B292-6BCAC7B5CB20}.Debug|x86.Build.0 = Debug|Win32
		{3FBF765F-EA80-42EB-B292-6BCAC7B5CB20}.release_emscripten|Emscripten.ActiveCfg = Release|Win32
		{3FBF765F-EA80-42EB-B292-6BCAC7B5CB20}.release_emscripten|Emscripten.Build.0 = Release|Win32
		{3FBF765F-EA80-42EB-B292-6BCAC7B5CB20}.release_emscripten|Emscripten.Deploy.0 = Release|Win32
		{3FBF765F-EA80-42EB-B292-6BCAC7B5CB20}.release_emscripten|PS3.ActiveCfg = Release|Win32
		{3FBF765F-EA80-42EB-B292-6BCAC7B5CB20}.release_emscripten|PS3.Build.0 = Release|Win32
		{3FBF765F-EA80-42EB-B292-6BCAC7B5CB20}.release_emscripten|PS3.Deploy.0 = Release|Win32
		{3FBF765F-EA80-42EB-B292-6BCAC7B5CB20}.release_emscripten|x64.ActiveCfg = Release|x64
		{3FBF765F-EA80-42EB-B292-6BCAC7B5CB20}.release_emscripten|x64.Build.0 = Release|x64
		{3FBF765F-EA80-42EB-B292-6BCAC7B5CB20}.release_emscripten|x64.Deploy.0 = Release|x64
		{3FBF765F-EA80-42EB-B292-6BCAC7B5CB20}.release_emscripten|x86.ActiveCfg = Release|Win32
		{3FBF765F-EA80-42EB-B292-6BCAC7B5CB20}.release_emscripten|x86.Build.0 = Release|Win32
		{3FBF765F-EA80-42EB-B292-6BCAC7B5CB20}.release_emscripten|x86.Deploy.0 = Release|Win32
		{3FBF765F-EA80-42EB-B292-6BCAC7B5CB20}.release_ps3|Emscripten.ActiveCfg = Release|Win32
		{3FBF765F-EA80-42EB-B292-6BCAC7B5CB20}.release_ps3|Emscripten.Build.0 = Release|Win32
		{3FBF765F-EA80-42EB-B292-6BCAC7B5CB20}.release_ps3|Emscripten.Deploy.0 = Release|Win32
		{3FBF765F-EA80-42EB-B292-6BCAC7B5CB20}.release_ps3|PS3.ActiveCfg = Release|Win32
		{3FBF765F-EA80-42EB-B292-6BCAC7B5CB20}.release_ps3|PS3.Build.0 = Release|Win32
		{3FBF765F-EA80-42EB-B292-6BCAC7B5CB20}.release_ps3|PS3.Deploy.0 = Release|Win32
		{3FBF765F-EA80-42EB-B292-6BCAC7B5CB20}.release_ps3|x64.ActiveCfg = Release|x64
		{3FBF765F-EA80-42EB-B292-6BCAC7B5CB20}.release_ps3|x64.Build.0 = Release|x64
		{3FBF765F-EA80-42EB-B292-6BCAC7B5CB20}.release_ps3|x64.Deploy.0 = Release|x64
		{3FBF765F-EA80-42EB-B292-6BCAC7B5CB20}.release_ps3|x86.ActiveCfg = Release|Win32
		{3FBF765F-EA80-42EB-B292-6BCAC7B5CB20}.release_ps3|x86.Build.0 = Release|Win32
		{3FBF765F-EA80-42EB-B292-6BCAC7B5CB20}.release_ps3|x86.Deploy.0 = Release|Win32
		{3FBF765F-EA80-42EB-B292-6BCAC7B5CB20}.release_windows_md|Emscripten.ActiveCfg = Release|Win32
		{3FBF765F-EA80-42EB-B292-6BCAC7B5CB20}.release_windows_md|Emscripten.Build.0 = Release|Win32
		{3FBF765F-EA80-42EB-B292-6BCAC7B5CB20}.release_windows_md|Emscripten.Deploy.0 = Release|Win32
		{3FBF765F-EA80-42EB-B292-6BCAC7B5CB20}.release_windows_md|PS3.ActiveCfg = Release|Win32
		{3FBF765F-EA80-42EB-B292-6BCAC7B5CB20}.release_windows_md|PS3.Build.0 = Release|Win32
		{3FBF765F-EA80-42EB-B292-6BCAC7B5CB20}.release_windows_md|PS3.Deploy.0 = Release|Win32
		{3FBF765F-EA80-42EB-B292-6BCAC7B5CB20}.release_windows_md|x64.ActiveCfg = Release|x64
		{3FBF765F-EA80-42EB-B292-6BCAC7B5CB20}.release_windows_md|x64.Build.0 = Release|x64
		{3FBF765F-EA80-42EB-B292-6BCAC7B5CB20}.release_windows_md|x64.Deploy.0 = Release|x64
		{3FBF765F-EA80-42EB-B292-6BCAC7B5CB20}.release_windows_md|x86.ActiveCfg = Release|Win32
		{3FBF765F-EA80-42EB-B292-6BCAC7B5CB20}.release_windows_md|x86.Build.0 = Release|Win32
		{3FBF765F-EA80-42EB-B292-6BCAC7B5CB20}.release_windows_md|x86.Deploy.0 = Release|Win32
		{3FBF765F-EA80-42EB-B292-6BCAC7B5CB20}.release_windows_mt|Emscripten.ActiveCfg = Release|Win32
		{3FBF765F-EA80-42EB-B292-6BCAC7B5CB20}.release_windows_mt|Emscripten.Build.0 = Release|Win32
		{3FBF765F-EA80-42EB-B292-6BCAC7B5CB20}.release_windows_mt|Emscripten.Deploy.0 = Release|Win32
		{3FBF765F-EA80-42EB-B292-6BCAC7B5CB20}.release_windows_mt|PS3.ActiveCfg = Release|Win32
		{3FBF765F-EA80-42EB-B292-6BCAC7B5CB20}.release_windows_mt|PS3.Build.0 = Release|Win32
		{3FBF765F-EA80-42EB-B292-6BCAC7B5CB20}.release_windows_mt|PS3.Deploy.0 = Release|Win32
		{3FBF765F-EA80-42EB-B292-6BCAC7B5CB20}.release_windows_mt|x64.ActiveCfg = Release|x64
		{3FBF765F-EA80-42EB-B292-6BCAC7B5CB20}.release_windows_mt|x64.Build.0 = Release|x64
		{3FBF765F-EA80-42EB-B292-6BCAC7B5CB20}.release_windows_mt|x64.Deploy.0 = Release|x64
		{3FBF765F-EA80-42EB-B292-6BCAC7B5CB20}.release_windows_mt|x86.ActiveCfg = Release|Win32
		{3FBF765F-EA80-42EB-B292-6BCAC7B5CB20}.release_windows_mt|x86.Build.0 = Release|Win32
		{3FBF765F-EA80-42EB-B292-6BCAC7B5CB20}.release_windows_mt|x86.Deploy.0 = Release|Win32
		{3FBF765F-EA80-42EB-B292-6BCAC7B5CB20}.Release|Emscripten.ActiveCfg = Release|Win32
		{3FBF765F-EA80-42EB-B292-6BCAC7B5CB20}.Release|PS3.ActiveCfg = Release|Win32
		{3FBF765F-EA80-42EB-B292-6BCAC7B5CB20}.Release|x64.ActiveCfg = Release|x64
		{3FBF765F-EA80-42EB-B292-6BCAC7B5CB20}.Release|x64.Build.0 = Release|x64
		{3FBF765F-EA80-42EB-B292-6BCAC7B5CB20}.Release|x86.ActiveCfg = Release|Win32
		{3FBF765F-EA80-42EB-B292-6BCAC7B5CB20}.Release|x86.Build.0 = Release|Win32
	EndGlobalSection
	GlobalSection(SolutionProperties) = preSolution
		HideSolutionNode = FALSE
	EndGlobalSection
EndGlobal
